// !$*UTF8*$!
{
	archiveVersion = 1;
	classes = {
	};
	objectVersion = 56;
	objects = {

/* Begin PBXBuildFile section */
		284DBA0E29B0F69E005496F2 /* Xylophone_SwiftUIApp.swift in Sources */ = {isa = PBXBuildFile; fileRef = 284DBA0D29B0F69E005496F2 /* Xylophone_SwiftUIApp.swift */; };
		284DBA1029B0F69E005496F2 /* Xylophone.swift in Sources */ = {isa = PBXBuildFile; fileRef = 284DBA0F29B0F69E005496F2 /* Xylophone.swift */; };
		284DBA1229B0F6A0005496F2 /* Assets.xcassets in Resources */ = {isa = PBXBuildFile; fileRef = 284DBA1129B0F6A0005496F2 /* Assets.xcassets */; };
		284DBA1529B0F6A0005496F2 /* Preview Assets.xcassets in Resources */ = {isa = PBXBuildFile; fileRef = 284DBA1429B0F6A0005496F2 /* Preview Assets.xcassets */; };
		284DBA2D29B116F7005496F2 /* A.wav in Resources */ = {isa = PBXBuildFile; fileRef = 284DBA2629B116F7005496F2 /* A.wav */; };
		284DBA2E29B116F7005496F2 /* C.wav in Resources */ = {isa = PBXBuildFile; fileRef = 284DBA2729B116F7005496F2 /* C.wav */; };
		284DBA2F29B116F7005496F2 /* B.wav in Resources */ = {isa = PBXBuildFile; fileRef = 284DBA2829B116F7005496F2 /* B.wav */; };
		284DBA3029B116F7005496F2 /* F.wav in Resources */ = {isa = PBXBuildFile; fileRef = 284DBA2929B116F7005496F2 /* F.wav */; };
		284DBA3129B116F7005496F2 /* G.wav in Resources */ = {isa = PBXBuildFile; fileRef = 284DBA2A29B116F7005496F2 /* G.wav */; };
		284DBA3229B116F7005496F2 /* E.wav in Resources */ = {isa = PBXBuildFile; fileRef = 284DBA2B29B116F7005496F2 /* E.wav */; };
		284DBA3329B116F7005496F2 /* D.wav in Resources */ = {isa = PBXBuildFile; fileRef = 284DBA2C29B116F7005496F2 /* D.wav */; };
		284DBA3529B1208D005496F2 /* XylophoneKey.swift in Sources */ = {isa = PBXBuildFile; fileRef = 284DBA3429B1208D005496F2 /* XylophoneKey.swift */; };
/* End PBXBuildFile section */

/* Begin PBXFileReference section */
		284DBA0A29B0F69E005496F2 /* Xylophone-SwiftUI.app */ = {isa = PBXFileReference; explicitFileType = wrapper.application; includeInIndex = 0; path = "Xylophone-SwiftUI.app"; sourceTree = BUILT_PRODUCTS_DIR; };
		284DBA0D29B0F69E005496F2 /* Xylophone_SwiftUIApp.swift */ = {isa = PBXFileReference; lastKnownFileType = sourcecode.swift; path = Xylophone_SwiftUIApp.swift; sourceTree = "<group>"; };
		284DBA0F29B0F69E005496F2 /* Xylophone.swift */ = {isa = PBXFileReference; lastKnownFileType = sourcecode.swift; path = Xylophone.swift; sourceTree = "<group>"; };
		284DBA1129B0F6A0005496F2 /* Assets.xcassets */ = {isa = PBXFileReference; lastKnownFileType = folder.assetcatalog; path = Assets.xcassets; sourceTree = "<group>"; };
		284DBA1429B0F6A0005496F2 /* Preview Assets.xcassets */ = {isa = PBXFileReference; lastKnownFileType = folder.assetcatalog; path = "Preview Assets.xcassets"; sourceTree = "<group>"; };
		284DBA1D29B1117C005496F2 /* Info.plist */ = {isa = PBXFileReference; lastKnownFileType = text.plist; path = Info.plist; sourceTree = "<group>"; };
		284DBA2629B116F7005496F2 /* A.wav */ = {isa = PBXFileReference; lastKnownFileType = audio.wav; path = A.wav; sourceTree = "<group>"; };
		284DBA2729B116F7005496F2 /* C.wav */ = {isa = PBXFileReference; lastKnownFileType = audio.wav; path = C.wav; sourceTree = "<group>"; };
		284DBA2829B116F7005496F2 /* B.wav */ = {isa = PBXFileReference; lastKnownFileType = audio.wav; path = B.wav; sourceTree = "<group>"; };
		284DBA2929B116F7005496F2 /* F.wav */ = {isa = PBXFileReference; lastKnownFileType = audio.wav; path = F.wav; sourceTree = "<group>"; };
		284DBA2A29B116F7005496F2 /* G.wav */ = {isa = PBXFileReference; lastKnownFileType = audio.wav; path = G.wav; sourceTree = "<group>"; };
		284DBA2B29B116F7005496F2 /* E.wav */ = {isa = PBXFileReference; lastKnownFileType = audio.wav; path = E.wav; sourceTree = "<group>"; };
		284DBA2C29B116F7005496F2 /* D.wav */ = {isa = PBXFileReference; lastKnownFileType = audio.wav; path = D.wav; sourceTree = "<group>"; };
		284DBA3429B1208D005496F2 /* XylophoneKey.swift */ = {isa = PBXFileReference; lastKnownFileType = sourcecode.swift; path = XylophoneKey.swift; sourceTree = "<group>"; };
/* End PBXFileReference section */

/* Begin PBXFrameworksBuildPhase section */
		284DBA0729B0F69E005496F2 /* Frameworks */ = {
			isa = PBXFrameworksBuildPhase;
			buildActionMask = 2147483647;
			files = (
			);
			runOnlyForDeploymentPostprocessing = 0;
		};
/* End PBXFrameworksBuildPhase section */

/* Begin PBXGroup section */
		284DBA0129B0F69E005496F2 = {
			isa = PBXGroup;
			children = (
				284DBA0C29B0F69E005496F2 /* Xylophone-SwiftUI */,
				284DBA0B29B0F69E005496F2 /* Products */,
			);
			sourceTree = "<group>";
		};
		284DBA0B29B0F69E005496F2 /* Products */ = {
			isa = PBXGroup;
			children = (
				284DBA0A29B0F69E005496F2 /* Xylophone-SwiftUI.app */,
			);
			name = Products;
			sourceTree = "<group>";
		};
		284DBA0C29B0F69E005496F2 /* Xylophone-SwiftUI */ = {
			isa = PBXGroup;
			children = (
				284DBA2529B116E6005496F2 /* Sounds */,
				284DBA1D29B1117C005496F2 /* Info.plist */,
				284DBA0D29B0F69E005496F2 /* Xylophone_SwiftUIApp.swift */,
				284DBA0F29B0F69E005496F2 /* Xylophone.swift */,
				284DBA3429B1208D005496F2 /* XylophoneKey.swift */,
				284DBA1129B0F6A0005496F2 /* Assets.xcassets */,
				284DBA1329B0F6A0005496F2 /* Preview Content */,
			);
			path = "Xylophone-SwiftUI";
			sourceTree = "<group>";
		};
		284DBA1329B0F6A0005496F2 /* Preview Content */ = {
			isa = PBXGroup;
			children = (
				284DBA1429B0F6A0005496F2 /* Preview Assets.xcassets */,
			);
			path = "Preview Content";
			sourceTree = "<group>";
		};
		284DBA2529B116E6005496F2 /* Sounds */ = {
			isa = PBXGroup;
			children = (
				284DBA2629B116F7005496F2 /* A.wav */,
				284DBA2829B116F7005496F2 /* B.wav */,
				284DBA2729B116F7005496F2 /* C.wav */,
				284DBA2C29B116F7005496F2 /* D.wav */,
				284DBA2B29B116F7005496F2 /* E.wav */,
				284DBA2929B116F7005496F2 /* F.wav */,
				284DBA2A29B116F7005496F2 /* G.wav */,
			);
			path = Sounds;
			sourceTree = "<group>";
		};
/* End PBXGroup section */

/* Begin PBXNativeTarget section */
		284DBA0929B0F69E005496F2 /* Xylophone-SwiftUI */ = {
			isa = PBXNativeTarget;
			buildConfigurationList = 284DBA1829B0F6A0005496F2 /* Build configuration list for PBXNativeTarget "Xylophone-SwiftUI" */;
			buildPhases = (
				284DBA0629B0F69E005496F2 /* Sources */,
				284DBA0729B0F69E005496F2 /* Frameworks */,
				284DBA0829B0F69E005496F2 /* Resources */,
			);
			buildRules = (
			);
			dependencies = (
			);
			name = "Xylophone-SwiftUI";
			productName = "Xylophone-SwiftUI";
			productReference = 284DBA0A29B0F69E005496F2 /* Xylophone-SwiftUI.app */;
			productType = "com.apple.product-type.application";
		};
/* End PBXNativeTarget section */

/* Begin PBXProject section */
		284DBA0229B0F69E005496F2 /* Project object */ = {
			isa = PBXProject;
			attributes = {
				BuildIndependentTargetsInParallel = 1;
				LastSwiftUpdateCheck = 1420;
				LastUpgradeCheck = 1420;
				ORGANIZATIONNAME = Nordo;
				TargetAttributes = {
					284DBA0929B0F69E005496F2 = {
						CreatedOnToolsVersion = 14.2;
					};
				};
			};
			buildConfigurationList = 284DBA0529B0F69E005496F2 /* Build configuration list for PBXProject "Xylophone-SwiftUI" */;
			compatibilityVersion = "Xcode 14.0";
			developmentRegion = en;
			hasScannedForEncodings = 0;
			knownRegions = (
				en,
				Base,
			);
			mainGroup = 284DBA0129B0F69E005496F2;
			productRefGroup = 284DBA0B29B0F69E005496F2 /* Products */;
			projectDirPath = "";
			projectRoot = "";
			targets = (
				284DBA0929B0F69E005496F2 /* Xylophone-SwiftUI */,
			);
		};
/* End PBXProject section */

/* Begin PBXResourcesBuildPhase section */
		284DBA0829B0F69E005496F2 /* Resources */ = {
			isa = PBXResourcesBuildPhase;
			buildActionMask = 2147483647;
			files = (
				284DBA3329B116F7005496F2 /* D.wav in Resources */,
				284DBA2E29B116F7005496F2 /* C.wav in Resources */,
				284DBA2F29B116F7005496F2 /* B.wav in Resources */,
				284DBA2D29B116F7005496F2 /* A.wav in Resources */,
				284DBA3029B116F7005496F2 /* F.wav in Resources */,
				284DBA3129B116F7005496F2 /* G.wav in Resources */,
				284DBA1529B0F6A0005496F2 /* Preview Assets.xcassets in Resources */,
				284DBA3229B116F7005496F2 /* E.wav in Resources */,
				284DBA1229B0F6A0005496F2 /* Assets.xcassets in Resources */,
			);
			runOnlyForDeploymentPostprocessing = 0;
		};
/* End PBXResourcesBuildPhase section */

/* Begin PBXSourcesBuildPhase section */
		284DBA0629B0F69E005496F2 /* Sources */ = {
			isa = PBXSourcesBuildPhase;
			buildActionMask = 2147483647;
			files = (
				284DBA1029B0F69E005496F2 /* Xylophone.swift in Sources */,
				284DBA3529B1208D005496F2 /* XylophoneKey.swift in Sources */,
				284DBA0E29B0F69E005496F2 /* Xylophone_SwiftUIApp.swift in Sources */,
			);
			runOnlyForDeploymentPostprocessing = 0;
		};
/* End PBXSourcesBuildPhase section */

/* Begin XCBuildConfiguration section */
		284DBA1629B0F6A0005496F2 /* Debug */ = {
			isa = XCBuildConfiguration;
			buildSettings = {
				ALWAYS_SEARCH_USER_PATHS = NO;
				CLANG_ANALYZER_NONNULL = YES;
				CLANG_ANALYZER_NUMBER_OBJECT_CONVERSION = YES_AGGRESSIVE;
				CLANG_CXX_LANGUAGE_STANDARD = "gnu++20";
				CLANG_ENABLE_MODULES = YES;
				CLANG_ENABLE_OBJC_ARC = YES;
				CLANG_ENABLE_OBJC_WEAK = YES;
				CLANG_WARN_BLOCK_CAPTURE_AUTORELEASING = YES;
				CLANG_WARN_BOOL_CONVERSION = YES;
				CLANG_WARN_COMMA = YES;
				CLANG_WARN_CONSTANT_CONVERSION = YES;
				CLANG_WARN_DEPRECATED_OBJC_IMPLEMENTATIONS = YES;
				CLANG_WARN_DIRECT_OBJC_ISA_USAGE = YES_ERROR;
				CLANG_WARN_DOCUMENTATION_COMMENTS = YES;
				CLANG_WARN_EMPTY_BODY = YES;
				CLANG_WARN_ENUM_CONVERSION = YES;
				CLANG_WARN_INFINITE_RECURSION = YES;
				CLANG_WARN_INT_CONVERSION = YES;
				CLANG_WARN_NON_LITERAL_NULL_CONVERSION = YES;
				CLANG_WARN_OBJC_IMPLICIT_RETAIN_SELF = YES;
				CLANG_WARN_OBJC_LITERAL_CONVERSION = YES;
				CLANG_WARN_OBJC_ROOT_CLASS = YES_ERROR;
				CLANG_WARN_QUOTED_INCLUDE_IN_FRAMEWORK_HEADER = YES;
				CLANG_WARN_RANGE_LOOP_ANALYSIS = YES;
				CLANG_WARN_STRICT_PROTOTYPES = YES;
				CLANG_WARN_SUSPICIOUS_MOVE = YES;
				CLANG_WARN_UNGUARDED_AVAILABILITY = YES_AGGRESSIVE;
				CLANG_WARN_UNREACHABLE_CODE = YES;
				CLANG_WARN__DUPLICATE_METHOD_MATCH = YES;
				COPY_PHASE_STRIP = NO;
				DEBUG_INFORMATION_FORMAT = dwarf;
				ENABLE_STRICT_OBJC_MSGSEND = YES;
				ENABLE_TESTABILITY = YES;
				GCC_C_LANGUAGE_STANDARD = gnu11;
				GCC_DYNAMIC_NO_PIC = NO;
				GCC_NO_COMMON_BLOCKS = YES;
				GCC_OPTIMIZATION_LEVEL = 0;
				GCC_PREPROCESSOR_DEFINITIONS = (
					"DEBUG=1",
					"$(inherited)",
				);
				GCC_WARN_64_TO_32_BIT_CONVERSION = YES;
				GCC_WARN_ABOUT_RETURN_TYPE = YES_ERROR;
				GCC_WARN_UNDECLARED_SELECTOR = YES;
				GCC_WARN_UNINITIALIZED_AUTOS = YES_AGGRESSIVE;
				GCC_WARN_UNUSED_FUNCTION = YES;
				GCC_WARN_UNUSED_VARIABLE = YES;
				IPHONEOS_DEPLOYMENT_TARGET = 16.2;
				MTL_ENABLE_DEBUG_INFO = INCLUDE_SOURCE;
				MTL_FAST_MATH = YES;
				ONLY_ACTIVE_ARCH = YES;
				SDKROOT = iphoneos;
				SWIFT_ACTIVE_COMPILATION_CONDITIONS = DEBUG;
				SWIFT_OPTIMIZATION_LEVEL = "-Onone";
			};
			name = Debug;
		};
		284DBA1729B0F6A0005496F2 /* Release */ = {
			isa = XCBuildConfiguration;
			buildSettings = {
				ALWAYS_SEARCH_USER_PATHS = NO;
				CLANG_ANALYZER_NONNULL = YES;
				CLANG_ANALYZER_NUMBER_OBJECT_CONVERSION = YES_AGGRESSIVE;
				CLANG_CXX_LANGUAGE_STANDARD = "gnu++20";
				CLANG_ENABLE_MODULES = YES;
				CLANG_ENABLE_OBJC_ARC = YES;
				CLANG_ENABLE_OBJC_WEAK = YES;
				CLANG_WARN_BLOCK_CAPTURE_AUTORELEASING = YES;
				CLANG_WARN_BOOL_CONVERSION = YES;
				CLANG_WARN_COMMA = YES;
				CLANG_WARN_CONSTANT_CONVERSION = YES;
				CLANG_WARN_DEPRECATED_OBJC_IMPLEMENTATIONS = YES;
				CLANG_WARN_DIRECT_OBJC_ISA_USAGE = YES_ERROR;
				CLANG_WARN_DOCUMENTATION_COMMENTS = YES;
				CLANG_WARN_EMPTY_BODY = YES;
				CLANG_WARN_ENUM_CONVERSION = YES;
				CLANG_WARN_INFINITE_RECURSION = YES;
				CLANG_WARN_INT_CONVERSION = YES;
				CLANG_WARN_NON_LITERAL_NULL_CONVERSION = YES;
				CLANG_WARN_OBJC_IMPLICIT_RETAIN_SELF = YES;
				CLANG_WARN_OBJC_LITERAL_CONVERSION = YES;
				CLANG_WARN_OBJC_ROOT_CLASS = YES_ERROR;
				CLANG_WARN_QUOTED_INCLUDE_IN_FRAMEWORK_HEADER = YES;
				CLANG_WARN_RANGE_LOOP_ANALYSIS = YES;
				CLANG_WARN_STRICT_PROTOTYPES = YES;
				CLANG_WARN_SUSPICIOUS_MOVE = YES;
				CLANG_WARN_UNGUARDED_AVAILABILITY = YES_AGGRESSIVE;
				CLANG_WARN_UNREACHABLE_CODE = YES;
				CLANG_WARN__DUPLICATE_METHOD_MATCH = YES;
				COPY_PHASE_STRIP = NO;
				DEBUG_INFORMATION_FORMAT = "dwarf-with-dsym";
				ENABLE_NS_ASSERTIONS = NO;
				ENABLE_STRICT_OBJC_MSGSEND = YES;
				GCC_C_LANGUAGE_STANDARD = gnu11;
				GCC_NO_COMMON_BLOCKS = YES;
				GCC_WARN_64_TO_32_BIT_CONVERSION = YES;
				GCC_WARN_ABOUT_RETURN_TYPE = YES_ERROR;
				GCC_WARN_UNDECLARED_SELECTOR = YES;
				GCC_WARN_UNINITIALIZED_AUTOS = YES_AGGRESSIVE;
				GCC_WARN_UNUSED_FUNCTION = YES;
				GCC_WARN_UNUSED_VARIABLE = YES;
				IPHONEOS_DEPLOYMENT_TARGET = 16.2;
				MTL_ENABLE_DEBUG_INFO = NO;
				MTL_FAST_MATH = YES;
				SDKROOT = iphoneos;
				SWIFT_COMPILATION_MODE = wholemodule;
				SWIFT_OPTIMIZATION_LEVEL = "-O";
				VALIDATE_PRODUCT = YES;
			};
			name = Release;
		};
		284DBA1929B0F6A0005496F2 /* Debug */ = {
			isa = XCBuildConfiguration;
			buildSettings = {
				ASSETCATALOG_COMPILER_APPICON_NAME = AppIcon;
				ASSETCATALOG_COMPILER_GLOBAL_ACCENT_COLOR_NAME = AccentColor;
				CODE_SIGN_STYLE = Automatic;
				CURRENT_PROJECT_VERSION = 1;
				DEVELOPMENT_ASSET_PATHS = "\"Xylophone-SwiftUI/Preview Content\"";
				ENABLE_PREVIEWS = YES;
				GENERATE_INFOPLIST_FILE = YES;
				INFOPLIST_FILE = "Xylophone-SwiftUI/Info.plist";
				INFOPLIST_KEY_UIApplicationSupportsIndirectInputEvents = YES;
				INFOPLIST_KEY_UILaunchScreen_Generation = YES;
				INFOPLIST_KEY_UISupportedInterfaceOrientations = UIInterfaceOrientationPortrait;
				LD_RUNPATH_SEARCH_PATHS = (
					"$(inherited)",
					"@executable_path/Frameworks",
				);
				MARKETING_VERSION = 1.0;
				PRODUCT_BUNDLE_IDENTIFIER = "com.Nordo.Xylophone-SwiftUI";
				PRODUCT_NAME = "$(TARGET_NAME)";
				SWIFT_EMIT_LOC_STRINGS = YES;
				SWIFT_VERSION = 5.0;
				TARGETED_DEVICE_FAMILY = "1,2";
			};
			name = Debug;
		};
		284DBA1A29B0F6A0005496F2 /* Release */ = {
			isa = XCBuildConfiguration;
			buildSettings = {
				ASSETCATALOG_COMPILER_APPICON_NAME = AppIcon;
				ASSETCATALOG_COMPILER_GLOBAL_ACCENT_COLOR_NAME = AccentColor;
				CODE_SIGN_STYLE = Automatic;
				CURRENT_PROJECT_VERSION = 1;
				DEVELOPMENT_ASSET_PATHS = "\"Xylophone-SwiftUI/Preview Content\"";
				ENABLE_PREVIEWS = YES;
				GENERATE_INFOPLIST_FILE = YES;
				INFOPLIST_FILE = "Xylophone-SwiftUI/Info.plist";
				INFOPLIST_KEY_UIApplicationSupportsIndirectInputEvents = YES;
				INFOPLIST_KEY_UILaunchScreen_Generation = YES;
				INFOPLIST_KEY_UISupportedInterfaceOrientations = UIInterfaceOrientationPortrait;
				LD_RUNPATH_SEARCH_PATHS = (
					"$(inherited)",
					"@executable_path/Frameworks",
				);
				MARKETING_VERSION = 1.0;
				PRODUCT_BUNDLE_IDENTIFIER = "com.Nordo.Xylophone-SwiftUI";
				PRODUCT_NAME = "$(TARGET_NAME)";
				SWIFT_EMIT_LOC_STRINGS = YES;
				SWIFT_VERSION = 5.0;
				TARGETED_DEVICE_FAMILY = "1,2";
			};
			name = Release;
		};
/* End XCBuildConfiguration section */

/* Begin XCConfigurationList section */
		284DBA0529B0F69E005496F2 /* Build configuration list for PBXProject "Xylophone-SwiftUI" */ = {
			isa = XCConfigurationList;
			buildConfigurations = (
				284DBA1629B0F6A0005496F2 /* Debug */,
				284DBA1729B0F6A0005496F2 /* Release */,
			);
			defaultConfigurationIsVisible = 0;
			defaultConfigurationName = Release;
		};
		284DBA1829B0F6A0005496F2 /* Build configuration list for PBXNativeTarget "Xylophone-SwiftUI" */ = {
			isa = XCConfigurationList;
			buildConfigurations = (
				284DBA1929B0F6A0005496F2 /* Debug */,
				284DBA1A29B0F6A0005496F2 /* Release */,
			);
			defaultConfigurationIsVisible = 0;
			defaultConfigurationName = Release;
		};
/* End XCConfigurationList section */
	};
	rootObject = 284DBA0229B0F69E005496F2 /* Project object */;
}
